
Microsoft Visual Studio Solution File, Format Version 12.00
# Visual Studio Version 17
VisualStudioVersion = 17.4.33110.190
MinimumVisualStudioVersion = 10.0.40219.1
Project("{FAE04EC0-301F-11D3-BF4B-00C04F79EFBC}") = "AudioKeepAlive", "src\AudioKeepAlive.csproj", "{8B741A64-9CCD-495E-8341-8BC866928A24}"
EndProject
Global
	GlobalSection(SolutionConfigurationPlatforms) = preSolution
		Debug|Any CPU = Debug|Any CPU
		Release|Any CPU = Release|Any CPU
	EndGlobalSection
	GlobalSection(ProjectConfigurationPlatforms) = postSolution
		{8B741A64-9CCD-495E-8341-8BC866928A24}.Debug|Any CPU.ActiveCfg = Debug|Any CPU
		{8B741A64-9CCD-495E-8341-8BC866928A24}.Debug|Any CPU.Build.0 = Debug|Any CPU
		{8B741A64-9CCD-495E-8341-8BC866928A24}.Release|Any CPU.ActiveCfg = Release|Any CPU
		{8B741A64-9CCD-495E-8341-8BC866928A24}.Release|Any CPU.Build.0 = Release|Any CPU
	EndGlobalSection
	GlobalSection(SolutionProperties) = preSolution
		HideSolutionNode = FALSE
	EndGlobalSection
	GlobalSection(ExtensibilityGlobals) = postSolution
		SolutionGuid = {6A800069-0F99-44CF-8946-20E1B5ACE68E}
	EndGlobalSection
EndGlobal
